
Microsoft Visual Studio Solution File, Format Version 12.00
# Visual Studio Version 17
VisualStudioVersion = 17.0.31903.59
MinimumVisualStudioVersion = 10.0.40219.1
Project("{2150E333-8FDC-42A3-9474-1A3956D46DE8}") = "src", "src", "{2E5BCE5F-E4E0-48C6-89A5-A61B1F384CB0}"
EndProject
Project("{9A19103F-16F7-4668-BE54-9A1E7A4F7556}") = "CleanArchitecture.Api", "src\CleanArchitecture.Api\CleanArchitecture.Api.csproj", "{DDB7115D-F5D3-4111-9442-6DA330182C9C}"
EndProject
Project("{9A19103F-16F7-4668-BE54-9A1E7A4F7556}") = "CleanArchitecture.Application", "src\CleanArchitecture.Application\CleanArchitecture.Application.csproj", "{0DBA276D-D655-4C69-AD40-AE46BCFE5532}"
EndProject
Project("{9A19103F-16F7-4668-BE54-9A1E7A4F7556}") = "CleanArchitecture.Domain", "src\CleanArchitecture.Domain\CleanArchitecture.Domain.csproj", "{97A94DDE-34FC-4C90-9F93-828E0D8E6367}"
EndProject
Project("{9A19103F-16F7-4668-BE54-9A1E7A4F7556}") = "CleanArchitecture.Infrastructure", "src\CleanArchitecture.Infrastructure\CleanArchitecture.Infrastructure.csproj", "{FAF73E45-B41A-4470-8D06-3857371E6866}"
EndProject
Project("{2150E333-8FDC-42A3-9474-1A3956D46DE8}") = "tests", "tests", "{FAC0D3BE-8DDC-43E3-A20C-BB0945A62B26}"
EndProject
Project("{2150E333-8FDC-42A3-9474-1A3956D46DE8}") = "UnitTests", "UnitTests", "{3D6DF679-A9F7-4CDA-AC56-DD777428EDCA}"
EndProject
Project("{9A19103F-16F7-4668-BE54-9A1E7A4F7556}") = "CleanArchitecture.Api.UnitTests", "tests\UnitTests\CleanArchitecture.Api.UnitTests\CleanArchitecture.Api.UnitTests.csproj", "{6AAAF6FC-BE57-4F3E-89A4-138190CDBC67}"
EndProject
Project("{9A19103F-16F7-4668-BE54-9A1E7A4F7556}") = "CleanArchitecture.Application.UnitTests", "tests\UnitTests\CleanArchitecture.Application.UnitTests\CleanArchitecture.Application.UnitTests.csproj", "{2740AF56-72A2-4EBD-9007-7F7B4CA934E8}"
EndProject
Project("{9A19103F-16F7-4668-BE54-9A1E7A4F7556}") = "CleanArchitecture.Domain.UnitTests", "tests\UnitTests\CleanArchitecture.Domain.UnitTests\CleanArchitecture.Domain.UnitTests.csproj", "{2960281B-AF02-4FE2-9856-301391D22489}"
EndProject
Project("{9A19103F-16F7-4668-BE54-9A1E7A4F7556}") = "CleanArchitecture.Infrastructure.UnitTests", "tests\UnitTests\CleanArchitecture.Infrastructure.UnitTests\CleanArchitecture.Infrastructure.UnitTests.csproj", "{9350BFDE-F1E5-440B-8CE4-D05F00F5154E}"
EndProject
Project("{2150E333-8FDC-42A3-9474-1A3956D46DE8}") = "Solution Items", "Solution Items", "{4234D106-EB39-411F-9A5E-9A7E9F4231E8}"
	ProjectSection(SolutionItems) = preProject
		CodeCoverageRunner.ps1 = CodeCoverageRunner.ps1
		docker-compose.yml = docker-compose.yml
		Dockerfile = Dockerfile
	EndProjectSection
EndProject
Global
	GlobalSection(SolutionConfigurationPlatforms) = preSolution
		Debug|Any CPU = Debug|Any CPU
		Release|Any CPU = Release|Any CPU
	EndGlobalSection
	GlobalSection(ProjectConfigurationPlatforms) = postSolution
		{DDB7115D-F5D3-4111-9442-6DA330182C9C}.Debug|Any CPU.ActiveCfg = Debug|Any CPU
		{DDB7115D-F5D3-4111-9442-6DA330182C9C}.Debug|Any CPU.Build.0 = Debug|Any CPU
		{DDB7115D-F5D3-4111-9442-6DA330182C9C}.Release|Any CPU.ActiveCfg = Release|Any CPU
		{DDB7115D-F5D3-4111-9442-6DA330182C9C}.Release|Any CPU.Build.0 = Release|Any CPU
		{0DBA276D-D655-4C69-AD40-AE46BCFE5532}.Debug|Any CPU.ActiveCfg = Debug|Any CPU
		{0DBA276D-D655-4C69-AD40-AE46BCFE5532}.Debug|Any CPU.Build.0 = Debug|Any CPU
		{0DBA276D-D655-4C69-AD40-AE46BCFE5532}.Release|Any CPU.ActiveCfg = Release|Any CPU
		{0DBA276D-D655-4C69-AD40-AE46BCFE5532}.Release|Any CPU.Build.0 = Release|Any CPU
		{97A94DDE-34FC-4C90-9F93-828E0D8E6367}.Debug|Any CPU.ActiveCfg = Debug|Any CPU
		{97A94DDE-34FC-4C90-9F93-828E0D8E6367}.Debug|Any CPU.Build.0 = Debug|Any CPU
		{97A94DDE-34FC-4C90-9F93-828E0D8E6367}.Release|Any CPU.ActiveCfg = Release|Any CPU
		{97A94DDE-34FC-4C90-9F93-828E0D8E6367}.Release|Any CPU.Build.0 = Release|Any CPU
		{FAF73E45-B41A-4470-8D06-3857371E6866}.Debug|Any CPU.ActiveCfg = Debug|Any CPU
		{FAF73E45-B41A-4470-8D06-3857371E6866}.Debug|Any CPU.Build.0 = Debug|Any CPU
		{FAF73E45-B41A-4470-8D06-3857371E6866}.Release|Any CPU.ActiveCfg = Release|Any CPU
		{FAF73E45-B41A-4470-8D06-3857371E6866}.Release|Any CPU.Build.0 = Release|Any CPU
		{6AAAF6FC-BE57-4F3E-89A4-138190CDBC67}.Debug|Any CPU.ActiveCfg = Debug|Any CPU
		{6AAAF6FC-BE57-4F3E-89A4-138190CDBC67}.Debug|Any CPU.Build.0 = Debug|Any CPU
		{6AAAF6FC-BE57-4F3E-89A4-138190CDBC67}.Release|Any CPU.ActiveCfg = Release|Any CPU
		{6AAAF6FC-BE57-4F3E-89A4-138190CDBC67}.Release|Any CPU.Build.0 = Release|Any CPU
		{2740AF56-72A2-4EBD-9007-7F7B4CA934E8}.Debug|Any CPU.ActiveCfg = Debug|Any CPU
		{2740AF56-72A2-4EBD-9007-7F7B4CA934E8}.Debug|Any CPU.Build.0 = Debug|Any CPU
		{2740AF56-72A2-4EBD-9007-7F7B4CA934E8}.Release|Any CPU.ActiveCfg = Release|Any CPU
		{2740AF56-72A2-4EBD-9007-7F7B4CA934E8}.Release|Any CPU.Build.0 = Release|Any CPU
		{2960281B-AF02-4FE2-9856-301391D22489}.Debug|Any CPU.ActiveCfg = Debug|Any CPU
		{2960281B-AF02-4FE2-9856-301391D22489}.Debug|Any CPU.Build.0 = Debug|Any CPU
		{2960281B-AF02-4FE2-9856-301391D22489}.Release|Any CPU.ActiveCfg = Release|Any CPU
		{2960281B-AF02-4FE2-9856-301391D22489}.Release|Any CPU.Build.0 = Release|Any CPU
		{9350BFDE-F1E5-440B-8CE4-D05F00F5154E}.Debug|Any CPU.ActiveCfg = Debug|Any CPU
		{9350BFDE-F1E5-440B-8CE4-D05F00F5154E}.Debug|Any CPU.Build.0 = Debug|Any CPU
		{9350BFDE-F1E5-440B-8CE4-D05F00F5154E}.Release|Any CPU.ActiveCfg = Release|Any CPU
		{9350BFDE-F1E5-440B-8CE4-D05F00F5154E}.Release|Any CPU.Build.0 = Release|Any CPU
	EndGlobalSection
	GlobalSection(SolutionProperties) = preSolution
		HideSolutionNode = FALSE
	EndGlobalSection
	GlobalSection(NestedProjects) = preSolution
		{DDB7115D-F5D3-4111-9442-6DA330182C9C} = {2E5BCE5F-E4E0-48C6-89A5-A61B1F384CB0}
		{0DBA276D-D655-4C69-AD40-AE46BCFE5532} = {2E5BCE5F-E4E0-48C6-89A5-A61B1F384CB0}
		{97A94DDE-34FC-4C90-9F93-828E0D8E6367} = {2E5BCE5F-E4E0-48C6-89A5-A61B1F384CB0}
		{FAF73E45-B41A-4470-8D06-3857371E6866} = {2E5BCE5F-E4E0-48C6-89A5-A61B1F384CB0}
		{3D6DF679-A9F7-4CDA-AC56-DD777428EDCA} = {FAC0D3BE-8DDC-43E3-A20C-BB0945A62B26}
		{6AAAF6FC-BE57-4F3E-89A4-138190CDBC67} = {3D6DF679-A9F7-4CDA-AC56-DD777428EDCA}
		{2740AF56-72A2-4EBD-9007-7F7B4CA934E8} = {3D6DF679-A9F7-4CDA-AC56-DD777428EDCA}
		{2960281B-AF02-4FE2-9856-301391D22489} = {3D6DF679-A9F7-4CDA-AC56-DD777428EDCA}
		{9350BFDE-F1E5-440B-8CE4-D05F00F5154E} = {3D6DF679-A9F7-4CDA-AC56-DD777428EDCA}
	EndGlobalSection
	GlobalSection(ExtensibilityGlobals) = postSolution
		SolutionGuid = {BF8065AC-C424-43CC-9A0E-93D03DC23F51}
	EndGlobalSection
EndGlobal
